
Microsoft Visual Studio Solution File, Format Version 12.00
# Visual Studio Version 16
VisualStudioVersion = 16.0.32002.261
MinimumVisualStudioVersion = 10.0.40219.1
Project("{FAE04EC0-301F-11D3-BF4B-00C04F79EFBC}") = "Task6WpfApp", "Task6WpfApp\Task6WpfApp.csproj", "{FB0AE8D7-E103-43AA-952B-727CB5284299}"
EndProject
Global
	GlobalSection(SolutionConfigurationPlatforms) = preSolution
		Debug|Any CPU = Debug|Any CPU
		Release|Any CPU = Release|Any CPU
	EndGlobalSection
	GlobalSection(ProjectConfigurationPlatforms) = postSolution
		{FB0AE8D7-E103-43AA-952B-727CB5284299}.Debug|Any CPU.ActiveCfg = Debug|Any CPU
		{FB0AE8D7-E103-43AA-952B-727CB5284299}.Debug|Any CPU.Build.0 = Debug|Any CPU
		{FB0AE8D7-E103-43AA-952B-727CB5284299}.Release|Any CPU.ActiveCfg = Release|Any CPU
		{FB0AE8D7-E103-43AA-952B-727CB5284299}.Release|Any CPU.Build.0 = Release|Any CPU
	EndGlobalSection
	GlobalSection(SolutionProperties) = preSolution
		HideSolutionNode = FALSE
	EndGlobalSection
	GlobalSection(ExtensibilityGlobals) = postSolution
		SolutionGuid = {7BD00E68-FECB-4B4C-81CE-780D7168E379}
	EndGlobalSection
EndGlobal
